
Microsoft Visual Studio Solution File, Format Version 12.00
# Visual Studio 15
VisualStudioVersion = 15.0.28307.168
MinimumVisualStudioVersion = 10.0.40219.1
Project("{FAE04EC0-301F-11D3-BF4B-00C04F79EFBC}") = "ShopDatabase", "ShopDatabase\ShopDatabase.csproj", "{FAA97F4A-DF9B-4454-A7CD-F29E8BA1C706}"
EndProject
Project("{FAE04EC0-301F-11D3-BF4B-00C04F79EFBC}") = "ShopDatabaseAdvanced", "ShopDatabaseAdvanced\ShopDatabaseAdvanced.csproj", "{BC67A257-C7AD-4C43-A3B6-033F20BE77D9}"
EndProject
Global
	GlobalSection(SolutionConfigurationPlatforms) = preSolution
		Debug|Any CPU = Debug|Any CPU
		Release|Any CPU = Release|Any CPU
	EndGlobalSection
	GlobalSection(ProjectConfigurationPlatforms) = postSolution
		{FAA97F4A-DF9B-4454-A7CD-F29E8BA1C706}.Debug|Any CPU.ActiveCfg = Debug|Any CPU
		{FAA97F4A-DF9B-4454-A7CD-F29E8BA1C706}.Debug|Any CPU.Build.0 = Debug|Any CPU
		{FAA97F4A-DF9B-4454-A7CD-F29E8BA1C706}.Release|Any CPU.ActiveCfg = Release|Any CPU
		{FAA97F4A-DF9B-4454-A7CD-F29E8BA1C706}.Release|Any CPU.Build.0 = Release|Any CPU
		{BC67A257-C7AD-4C43-A3B6-033F20BE77D9}.Debug|Any CPU.ActiveCfg = Debug|Any CPU
		{BC67A257-C7AD-4C43-A3B6-033F20BE77D9}.Debug|Any CPU.Build.0 = Debug|Any CPU
		{BC67A257-C7AD-4C43-A3B6-033F20BE77D9}.Release|Any CPU.ActiveCfg = Release|Any CPU
		{BC67A257-C7AD-4C43-A3B6-033F20BE77D9}.Release|Any CPU.Build.0 = Release|Any CPU
	EndGlobalSection
	GlobalSection(SolutionProperties) = preSolution
		HideSolutionNode = FALSE
	EndGlobalSection
	GlobalSection(ExtensibilityGlobals) = postSolution
		SolutionGuid = {36D7C611-29D3-4DA3-8679-0F5A55A46829}
	EndGlobalSection
EndGlobal
